// !$*UTF8*$!
{
	archiveVersion = 1;
	classes = {
	};
	objectVersion = 50;
	objects = {

/* Begin PBXBuildFile section */
		CB00C4142098C72B00400C42 /* GameDetailCollectionViewCell.swift in Sources */ = {isa = PBXBuildFile; fileRef = CB00C4132098C72B00400C42 /* GameDetailCollectionViewCell.swift */; };
		CB14AA00207F862B00834626 /* AppDelegate.swift in Sources */ = {isa = PBXBuildFile; fileRef = CB14A9FF207F862B00834626 /* AppDelegate.swift */; };
		CB14AA02207F862B00834626 /* ViewController.swift in Sources */ = {isa = PBXBuildFile; fileRef = CB14AA01207F862B00834626 /* ViewController.swift */; };
		CB14AA05207F862B00834626 /* Main.storyboard in Resources */ = {isa = PBXBuildFile; fileRef = CB14AA03207F862B00834626 /* Main.storyboard */; };
		CB14AA07207F862D00834626 /* Assets.xcassets in Resources */ = {isa = PBXBuildFile; fileRef = CB14AA06207F862D00834626 /* Assets.xcassets */; };
		CB14AA0A207F862D00834626 /* LaunchScreen.storyboard in Resources */ = {isa = PBXBuildFile; fileRef = CB14AA08207F862D00834626 /* LaunchScreen.storyboard */; };
		CB14AA12207FB91A00834626 /* GameViewController.swift in Sources */ = {isa = PBXBuildFile; fileRef = CB14AA11207FB91A00834626 /* GameViewController.swift */; };
		CB16E973209905070060CE04 /* GameKit.framework in Frameworks */ = {isa = PBXBuildFile; fileRef = CB16E972209905070060CE04 /* GameKit.framework */; };
		CB16E975209905140060CE04 /* StoreKit.framework in Frameworks */ = {isa = PBXBuildFile; fileRef = CB16E974209905140060CE04 /* StoreKit.framework */; };
		CB2CBF3820893AAD00419070 /* Game.swift in Sources */ = {isa = PBXBuildFile; fileRef = CB2CBF3720893AAD00419070 /* Game.swift */; };
		CB2CBF3A20894E5300419070 /* ProfilSelectedGameCollectionViewCell.swift in Sources */ = {isa = PBXBuildFile; fileRef = CB2CBF3920894E5300419070 /* ProfilSelectedGameCollectionViewCell.swift */; };
		CB2CBF3C208DC6C100419070 /* Equipe.swift in Sources */ = {isa = PBXBuildFile; fileRef = CB2CBF3B208DC6C100419070 /* Equipe.swift */; };
		CB41622120809EA8005A7773 /* NewGameViewController.swift in Sources */ = {isa = PBXBuildFile; fileRef = CB41622020809EA8005A7773 /* NewGameViewController.swift */; };
		CB6820572087E2C600CB6CDA /* SelectPlayerTableViewCell.swift in Sources */ = {isa = PBXBuildFile; fileRef = CB6820562087E2C600CB6CDA /* SelectPlayerTableViewCell.swift */; };
		CB6820592087FFA200CB6CDA /* ProfileTableViewCell.swift in Sources */ = {isa = PBXBuildFile; fileRef = CB6820582087FFA200CB6CDA /* ProfileTableViewCell.swift */; };
		CB8C131E20856B6900E28C2B /* CreateProfilViewController.swift in Sources */ = {isa = PBXBuildFile; fileRef = CB8C131D20856B6900E28C2B /* CreateProfilViewController.swift */; };
		CB8C132120856F8E00E28C2B /* User.swift in Sources */ = {isa = PBXBuildFile; fileRef = CB8C132020856F8E00E28C2B /* User.swift */; };
		CB8C13242085F9EA00E28C2B /* NSCodingData.swift in Sources */ = {isa = PBXBuildFile; fileRef = CB8C13232085F9EA00E28C2B /* NSCodingData.swift */; };
		CB8C132720867CA400E28C2B /* DashboardViewController.swift in Sources */ = {isa = PBXBuildFile; fileRef = CB8C132620867CA400E28C2B /* DashboardViewController.swift */; };
		CB8C132E2087542B00E28C2B /* SettingsViewController.swift in Sources */ = {isa = PBXBuildFile; fileRef = CB8C132D2087542B00E28C2B /* SettingsViewController.swift */; };
		CB8C133020875A4E00E28C2B /* ProfilsTVC.swift in Sources */ = {isa = PBXBuildFile; fileRef = CB8C132F20875A4E00E28C2B /* ProfilsTVC.swift */; };
		CBCF39FE20977499001A0B87 /* HistoryGameTableViewCell.swift in Sources */ = {isa = PBXBuildFile; fileRef = CBCF39FD20977499001A0B87 /* HistoryGameTableViewCell.swift */; };
		CBCF3A002097CA39001A0B87 /* ResumeGameViewController.swift in Sources */ = {isa = PBXBuildFile; fileRef = CBCF39FF2097CA39001A0B87 /* ResumeGameViewController.swift */; };
		CBCF3A022097E1D1001A0B87 /* ProfilDetailViewController.swift in Sources */ = {isa = PBXBuildFile; fileRef = CBCF3A012097E1D1001A0B87 /* ProfilDetailViewController.swift */; };
		CBD9194E208799060059A2C7 /* SelectPlayerViewController.swift in Sources */ = {isa = PBXBuildFile; fileRef = CBD9194D208799060059A2C7 /* SelectPlayerViewController.swift */; };
		CBD9195220879A060059A2C7 /* SelectPlayerCollectionViewCell.swift in Sources */ = {isa = PBXBuildFile; fileRef = CBD9195120879A060059A2C7 /* SelectPlayerCollectionViewCell.swift */; };
		CBD9195520879E3A0059A2C7 /* Images.swift in Sources */ = {isa = PBXBuildFile; fileRef = CBD9195420879E3A0059A2C7 /* Images.swift */; };
/* End PBXBuildFile section */

/* Begin PBXFileReference section */
		CB00C4132098C72B00400C42 /* GameDetailCollectionViewCell.swift */ = {isa = PBXFileReference; lastKnownFileType = sourcecode.swift; path = GameDetailCollectionViewCell.swift; sourceTree = "<group>"; };
		CB14A9FC207F862B00834626 /* PetanqueScore.app */ = {isa = PBXFileReference; explicitFileType = wrapper.application; includeInIndex = 0; path = PetanqueScore.app; sourceTree = BUILT_PRODUCTS_DIR; };
		CB14A9FF207F862B00834626 /* AppDelegate.swift */ = {isa = PBXFileReference; lastKnownFileType = sourcecode.swift; path = AppDelegate.swift; sourceTree = "<group>"; };
		CB14AA01207F862B00834626 /* ViewController.swift */ = {isa = PBXFileReference; lastKnownFileType = sourcecode.swift; path = ViewController.swift; sourceTree = "<group>"; };
		CB14AA04207F862B00834626 /* Base */ = {isa = PBXFileReference; lastKnownFileType = file.storyboard; name = Base; path = Base.lproj/Main.storyboard; sourceTree = "<group>"; };
		CB14AA06207F862D00834626 /* Assets.xcassets */ = {isa = PBXFileReference; lastKnownFileType = folder.assetcatalog; path = Assets.xcassets; sourceTree = "<group>"; };
		CB14AA09207F862D00834626 /* Base */ = {isa = PBXFileReference; lastKnownFileType = file.storyboard; name = Base; path = Base.lproj/LaunchScreen.storyboard; sourceTree = "<group>"; };
		CB14AA0B207F862D00834626 /* Info.plist */ = {isa = PBXFileReference; lastKnownFileType = text.plist.xml; path = Info.plist; sourceTree = "<group>"; };
		CB14AA11207FB91A00834626 /* GameViewController.swift */ = {isa = PBXFileReference; lastKnownFileType = sourcecode.swift; path = GameViewController.swift; sourceTree = "<group>"; };
		CB16E971209904220060CE04 /* PetanqueScore.entitlements */ = {isa = PBXFileReference; lastKnownFileType = text.plist.entitlements; path = PetanqueScore.entitlements; sourceTree = "<group>"; };
		CB16E972209905070060CE04 /* GameKit.framework */ = {isa = PBXFileReference; lastKnownFileType = wrapper.framework; name = GameKit.framework; path = System/Library/Frameworks/GameKit.framework; sourceTree = SDKROOT; };
		CB16E974209905140060CE04 /* StoreKit.framework */ = {isa = PBXFileReference; lastKnownFileType = wrapper.framework; name = StoreKit.framework; path = System/Library/Frameworks/StoreKit.framework; sourceTree = SDKROOT; };
		CB2CBF3720893AAD00419070 /* Game.swift */ = {isa = PBXFileReference; lastKnownFileType = sourcecode.swift; path = Game.swift; sourceTree = "<group>"; };
		CB2CBF3920894E5300419070 /* ProfilSelectedGameCollectionViewCell.swift */ = {isa = PBXFileReference; lastKnownFileType = sourcecode.swift; path = ProfilSelectedGameCollectionViewCell.swift; sourceTree = "<group>"; };
		CB2CBF3B208DC6C100419070 /* Equipe.swift */ = {isa = PBXFileReference; lastKnownFileType = sourcecode.swift; path = Equipe.swift; sourceTree = "<group>"; };
		CB41622020809EA8005A7773 /* NewGameViewController.swift */ = {isa = PBXFileReference; lastKnownFileType = sourcecode.swift; name = NewGameViewController.swift; path = "PetanqueScore/New Group/Controllers/NewGameViewController.swift"; sourceTree = SOURCE_ROOT; };
		CB6820562087E2C600CB6CDA /* SelectPlayerTableViewCell.swift */ = {isa = PBXFileReference; lastKnownFileType = sourcecode.swift; path = SelectPlayerTableViewCell.swift; sourceTree = "<group>"; };
		CB6820582087FFA200CB6CDA /* ProfileTableViewCell.swift */ = {isa = PBXFileReference; lastKnownFileType = sourcecode.swift; path = ProfileTableViewCell.swift; sourceTree = "<group>"; };
		CB8C131D20856B6900E28C2B /* CreateProfilViewController.swift */ = {isa = PBXFileReference; lastKnownFileType = sourcecode.swift; name = CreateProfilViewController.swift; path = "PetanqueScore/New Group/Controllers/CreateProfilViewController.swift"; sourceTree = SOURCE_ROOT; };
		CB8C132020856F8E00E28C2B /* User.swift */ = {isa = PBXFileReference; lastKnownFileType = sourcecode.swift; path = User.swift; sourceTree = "<group>"; };
		CB8C13232085F9EA00E28C2B /* NSCodingData.swift */ = {isa = PBXFileReference; lastKnownFileType = sourcecode.swift; path = NSCodingData.swift; sourceTree = "<group>"; };
		CB8C132620867CA400E28C2B /* DashboardViewController.swift */ = {isa = PBXFileReference; lastKnownFileType = sourcecode.swift; path = DashboardViewController.swift; sourceTree = "<group>"; };
		CB8C132D2087542B00E28C2B /* SettingsViewController.swift */ = {isa = PBXFileReference; lastKnownFileType = sourcecode.swift; path = SettingsViewController.swift; sourceTree = "<group>"; };
		CB8C132F20875A4E00E28C2B /* ProfilsTVC.swift */ = {isa = PBXFileReference; lastKnownFileType = sourcecode.swift; path = ProfilsTVC.swift; sourceTree = "<group>"; };
		CBCF39FD20977499001A0B87 /* HistoryGameTableViewCell.swift */ = {isa = PBXFileReference; lastKnownFileType = sourcecode.swift; path = HistoryGameTableViewCell.swift; sourceTree = "<group>"; };
		CBCF39FF2097CA39001A0B87 /* ResumeGameViewController.swift */ = {isa = PBXFileReference; lastKnownFileType = sourcecode.swift; path = ResumeGameViewController.swift; sourceTree = "<group>"; };
		CBCF3A012097E1D1001A0B87 /* ProfilDetailViewController.swift */ = {isa = PBXFileReference; lastKnownFileType = sourcecode.swift; path = ProfilDetailViewController.swift; sourceTree = "<group>"; };
		CBD9194D208799060059A2C7 /* SelectPlayerViewController.swift */ = {isa = PBXFileReference; lastKnownFileType = sourcecode.swift; path = SelectPlayerViewController.swift; sourceTree = "<group>"; };
		CBD9195120879A060059A2C7 /* SelectPlayerCollectionViewCell.swift */ = {isa = PBXFileReference; lastKnownFileType = sourcecode.swift; path = SelectPlayerCollectionViewCell.swift; sourceTree = "<group>"; };
		CBD9195420879E3A0059A2C7 /* Images.swift */ = {isa = PBXFileReference; lastKnownFileType = sourcecode.swift; path = Images.swift; sourceTree = "<group>"; };
/* End PBXFileReference section */

/* Begin PBXFrameworksBuildPhase section */
		CB14A9F9207F862B00834626 /* Frameworks */ = {
			isa = PBXFrameworksBuildPhase;
			buildActionMask = 2147483647;
			files = (
				CB16E973209905070060CE04 /* GameKit.framework in Frameworks */,
				CB16E975209905140060CE04 /* StoreKit.framework in Frameworks */,
			);
			runOnlyForDeploymentPostprocessing = 0;
		};
/* End PBXFrameworksBuildPhase section */

/* Begin PBXGroup section */
		CB14A9F3207F862B00834626 = {
			isa = PBXGroup;
			children = (
				CB14A9FE207F862B00834626 /* PetanqueScore */,
				CB14A9FD207F862B00834626 /* Products */,
				CB16E96E2099041E0060CE04 /* Frameworks */,
			);
			sourceTree = "<group>";
		};
		CB14A9FD207F862B00834626 /* Products */ = {
			isa = PBXGroup;
			children = (
				CB14A9FC207F862B00834626 /* PetanqueScore.app */,
			);
			name = Products;
			sourceTree = "<group>";
		};
		CB14A9FE207F862B00834626 /* PetanqueScore */ = {
			isa = PBXGroup;
			children = (
				CB16E971209904220060CE04 /* PetanqueScore.entitlements */,
				CB14AA13207FB92A00834626 /* Source */,
				CB14A9FF207F862B00834626 /* AppDelegate.swift */,
				CB14AA01207F862B00834626 /* ViewController.swift */,
				CB14AA03207F862B00834626 /* Main.storyboard */,
				CB14AA06207F862D00834626 /* Assets.xcassets */,
				CB14AA08207F862D00834626 /* LaunchScreen.storyboard */,
				CB14AA0B207F862D00834626 /* Info.plist */,
			);
			path = PetanqueScore;
			sourceTree = "<group>";
		};
		CB14AA13207FB92A00834626 /* Source */ = {
			isa = PBXGroup;
			children = (
				CBD9195320879E2F0059A2C7 /* Utils */,
				CBD9194F208799980059A2C7 /* Layout */,
				CB8C132820867D0A00E28C2B /* Dashboard */,
				CB8C132520867C4F00E28C2B /* Controllers */,
				CB8C13222085F9D100E28C2B /* DataAccess */,
				CB8C131F20856F8000E28C2B /* Models */,
			);
			name = Source;
			path = "New Group";
			sourceTree = "<group>";
		};
		CB16E96E2099041E0060CE04 /* Frameworks */ = {
			isa = PBXGroup;
			children = (
				CB16E974209905140060CE04 /* StoreKit.framework */,
				CB16E972209905070060CE04 /* GameKit.framework */,
			);
			name = Frameworks;
			sourceTree = "<group>";
		};
		CB8C131F20856F8000E28C2B /* Models */ = {
			isa = PBXGroup;
			children = (
				CB8C132020856F8E00E28C2B /* User.swift */,
				CB2CBF3720893AAD00419070 /* Game.swift */,
			);
			path = Models;
			sourceTree = "<group>";
		};
		CB8C13222085F9D100E28C2B /* DataAccess */ = {
			isa = PBXGroup;
			children = (
				CB8C13232085F9EA00E28C2B /* NSCodingData.swift */,
			);
			path = DataAccess;
			sourceTree = "<group>";
		};
		CB8C132520867C4F00E28C2B /* Controllers */ = {
			isa = PBXGroup;
			children = (
				CB14AA11207FB91A00834626 /* GameViewController.swift */,
				CB41622020809EA8005A7773 /* NewGameViewController.swift */,
				CB8C131D20856B6900E28C2B /* CreateProfilViewController.swift */,
				CB8C132D2087542B00E28C2B /* SettingsViewController.swift */,
				CB8C132F20875A4E00E28C2B /* ProfilsTVC.swift */,
				CBD9194D208799060059A2C7 /* SelectPlayerViewController.swift */,
				CBCF39FF2097CA39001A0B87 /* ResumeGameViewController.swift */,
				CBCF3A012097E1D1001A0B87 /* ProfilDetailViewController.swift */,
			);
			path = Controllers;
			sourceTree = "<group>";
		};
		CB8C132820867D0A00E28C2B /* Dashboard */ = {
			isa = PBXGroup;
			children = (
				CB8C132A20867D2700E28C2B /* TableView */,
				CB8C132920867D1500E28C2B /* Controller */,
			);
			path = Dashboard;
			sourceTree = "<group>";
		};
		CB8C132920867D1500E28C2B /* Controller */ = {
			isa = PBXGroup;
			children = (
				CB8C132620867CA400E28C2B /* DashboardViewController.swift */,
			);
			path = Controller;
			sourceTree = "<group>";
		};
		CB8C132A20867D2700E28C2B /* TableView */ = {
			isa = PBXGroup;
			children = (
			);
			path = TableView;
			sourceTree = "<group>";
		};
		CBD9194F208799980059A2C7 /* Layout */ = {
			isa = PBXGroup;
			children = (
				CBD91950208799F20059A2C7 /* Cell */,
			);
			path = Layout;
			sourceTree = "<group>";
		};
		CBD91950208799F20059A2C7 /* Cell */ = {
			isa = PBXGroup;
			children = (
				CBD9195120879A060059A2C7 /* SelectPlayerCollectionViewCell.swift */,
				CB6820562087E2C600CB6CDA /* SelectPlayerTableViewCell.swift */,
				CB6820582087FFA200CB6CDA /* ProfileTableViewCell.swift */,
				CB2CBF3920894E5300419070 /* ProfilSelectedGameCollectionViewCell.swift */,
				CBCF39FD20977499001A0B87 /* HistoryGameTableViewCell.swift */,
				CB00C4132098C72B00400C42 /* GameDetailCollectionViewCell.swift */,
			);
			path = Cell;
			sourceTree = "<group>";
		};
		CBD9195320879E2F0059A2C7 /* Utils */ = {
			isa = PBXGroup;
			children = (
				CBD9195420879E3A0059A2C7 /* Images.swift */,
				CB2CBF3B208DC6C100419070 /* Equipe.swift */,
			);
			path = Utils;
			sourceTree = "<group>";
		};
/* End PBXGroup section */

/* Begin PBXNativeTarget section */
		CB14A9FB207F862B00834626 /* PetanqueScore */ = {
			isa = PBXNativeTarget;
			buildConfigurationList = CB14AA0E207F862D00834626 /* Build configuration list for PBXNativeTarget "PetanqueScore" */;
			buildPhases = (
				CB14A9F8207F862B00834626 /* Sources */,
				CB14A9F9207F862B00834626 /* Frameworks */,
				CB14A9FA207F862B00834626 /* Resources */,
			);
			buildRules = (
			);
			dependencies = (
			);
			name = PetanqueScore;
			productName = PetanqueScore;
			productReference = CB14A9FC207F862B00834626 /* PetanqueScore.app */;
			productType = "com.apple.product-type.application";
		};
/* End PBXNativeTarget section */

/* Begin PBXProject section */
		CB14A9F4207F862B00834626 /* Project object */ = {
			isa = PBXProject;
			attributes = {
				LastSwiftUpdateCheck = 0930;
				LastUpgradeCheck = 0930;
				ORGANIZATIONNAME = "Benjamin Budet";
				TargetAttributes = {
					CB14A9FB207F862B00834626 = {
						CreatedOnToolsVersion = 9.3;
						SystemCapabilities = {
							com.apple.GameCenter.iOS = {
								enabled = 1;
							};
							com.apple.InAppPurchase = {
								enabled = 1;
							};
							com.apple.Keychain = {
								enabled = 1;
							};
						};
					};
				};
			};
			buildConfigurationList = CB14A9F7207F862B00834626 /* Build configuration list for PBXProject "PetanqueScore" */;
			compatibilityVersion = "Xcode 9.3";
			developmentRegion = en;
			hasScannedForEncodings = 0;
			knownRegions = (
				en,
				Base,
			);
			mainGroup = CB14A9F3207F862B00834626;
			productRefGroup = CB14A9FD207F862B00834626 /* Products */;
			projectDirPath = "";
			projectRoot = "";
			targets = (
				CB14A9FB207F862B00834626 /* PetanqueScore */,
			);
		};
/* End PBXProject section */

/* Begin PBXResourcesBuildPhase section */
		CB14A9FA207F862B00834626 /* Resources */ = {
			isa = PBXResourcesBuildPhase;
			buildActionMask = 2147483647;
			files = (
				CB14AA0A207F862D00834626 /* LaunchScreen.storyboard in Resources */,
				CB14AA07207F862D00834626 /* Assets.xcassets in Resources */,
				CB14AA05207F862B00834626 /* Main.storyboard in Resources */,
			);
			runOnlyForDeploymentPostprocessing = 0;
		};
/* End PBXResourcesBuildPhase section */

/* Begin PBXSourcesBuildPhase section */
		CB14A9F8207F862B00834626 /* Sources */ = {
			isa = PBXSourcesBuildPhase;
			buildActionMask = 2147483647;
			files = (
				CB14AA02207F862B00834626 /* ViewController.swift in Sources */,
				CB41622120809EA8005A7773 /* NewGameViewController.swift in Sources */,
				CB6820572087E2C600CB6CDA /* SelectPlayerTableViewCell.swift in Sources */,
				CBCF39FE20977499001A0B87 /* HistoryGameTableViewCell.swift in Sources */,
				CB6820592087FFA200CB6CDA /* ProfileTableViewCell.swift in Sources */,
				CB8C13242085F9EA00E28C2B /* NSCodingData.swift in Sources */,
				CBD9195220879A060059A2C7 /* SelectPlayerCollectionViewCell.swift in Sources */,
				CBD9195520879E3A0059A2C7 /* Images.swift in Sources */,
				CB8C133020875A4E00E28C2B /* ProfilsTVC.swift in Sources */,
				CB8C132120856F8E00E28C2B /* User.swift in Sources */,
				CB2CBF3A20894E5300419070 /* ProfilSelectedGameCollectionViewCell.swift in Sources */,
				CB00C4142098C72B00400C42 /* GameDetailCollectionViewCell.swift in Sources */,
				CBCF3A002097CA39001A0B87 /* ResumeGameViewController.swift in Sources */,
				CB8C131E20856B6900E28C2B /* CreateProfilViewController.swift in Sources */,
				CB14AA12207FB91A00834626 /* GameViewController.swift in Sources */,
				CB14AA00207F862B00834626 /* AppDelegate.swift in Sources */,
				CBCF3A022097E1D1001A0B87 /* ProfilDetailViewController.swift in Sources */,
				CBD9194E208799060059A2C7 /* SelectPlayerViewController.swift in Sources */,
				CB2CBF3C208DC6C100419070 /* Equipe.swift in Sources */,
				CB8C132720867CA400E28C2B /* DashboardViewController.swift in Sources */,
				CB8C132E2087542B00E28C2B /* SettingsViewController.swift in Sources */,
				CB2CBF3820893AAD00419070 /* Game.swift in Sources */,
			);
			runOnlyForDeploymentPostprocessing = 0;
		};
/* End PBXSourcesBuildPhase section */

/* Begin PBXVariantGroup section */
		CB14AA03207F862B00834626 /* Main.storyboard */ = {
			isa = PBXVariantGroup;
			children = (
				CB14AA04207F862B00834626 /* Base */,
			);
			name = Main.storyboard;
			sourceTree = "<group>";
		};
		CB14AA08207F862D00834626 /* LaunchScreen.storyboard */ = {
			isa = PBXVariantGroup;
			children = (
				CB14AA09207F862D00834626 /* Base */,
			);
			name = LaunchScreen.storyboard;
			sourceTree = "<group>";
		};
/* End PBXVariantGroup section */

/* Begin XCBuildConfiguration section */
		CB14AA0C207F862D00834626 /* Debug */ = {
			isa = XCBuildConfiguration;
			buildSettings = {
				ALWAYS_SEARCH_USER_PATHS = NO;
				CLANG_ANALYZER_NONNULL = YES;
				CLANG_ANALYZER_NUMBER_OBJECT_CONVERSION = YES_AGGRESSIVE;
				CLANG_CXX_LANGUAGE_STANDARD = "gnu++14";
				CLANG_CXX_LIBRARY = "libc++";
				CLANG_ENABLE_MODULES = YES;
				CLANG_ENABLE_OBJC_ARC = YES;
				CLANG_ENABLE_OBJC_WEAK = YES;
				CLANG_WARN_BLOCK_CAPTURE_AUTORELEASING = YES;
				CLANG_WARN_BOOL_CONVERSION = YES;
				CLANG_WARN_COMMA = YES;
				CLANG_WARN_CONSTANT_CONVERSION = YES;
				CLANG_WARN_DEPRECATED_OBJC_IMPLEMENTATIONS = YES;
				CLANG_WARN_DIRECT_OBJC_ISA_USAGE = YES_ERROR;
				CLANG_WARN_DOCUMENTATION_COMMENTS = YES;
				CLANG_WARN_EMPTY_BODY = YES;
				CLANG_WARN_ENUM_CONVERSION = YES;
				CLANG_WARN_INFINITE_RECURSION = YES;
				CLANG_WARN_INT_CONVERSION = YES;
				CLANG_WARN_NON_LITERAL_NULL_CONVERSION = YES;
				CLANG_WARN_OBJC_IMPLICIT_RETAIN_SELF = YES;
				CLANG_WARN_OBJC_LITERAL_CONVERSION = YES;
				CLANG_WARN_OBJC_ROOT_CLASS = YES_ERROR;
				CLANG_WARN_RANGE_LOOP_ANALYSIS = YES;
				CLANG_WARN_STRICT_PROTOTYPES = YES;
				CLANG_WARN_SUSPICIOUS_MOVE = YES;
				CLANG_WARN_UNGUARDED_AVAILABILITY = YES_AGGRESSIVE;
				CLANG_WARN_UNREACHABLE_CODE = YES;
				CLANG_WARN__DUPLICATE_METHOD_MATCH = YES;
				CODE_SIGN_IDENTITY = "iPhone Developer";
				COPY_PHASE_STRIP = NO;
				DEBUG_INFORMATION_FORMAT = dwarf;
				ENABLE_STRICT_OBJC_MSGSEND = YES;
				ENABLE_TESTABILITY = YES;
				GCC_C_LANGUAGE_STANDARD = gnu11;
				GCC_DYNAMIC_NO_PIC = NO;
				GCC_NO_COMMON_BLOCKS = YES;
				GCC_OPTIMIZATION_LEVEL = 0;
				GCC_PREPROCESSOR_DEFINITIONS = (
					"DEBUG=1",
					"$(inherited)",
				);
				GCC_WARN_64_TO_32_BIT_CONVERSION = YES;
				GCC_WARN_ABOUT_RETURN_TYPE = YES_ERROR;
				GCC_WARN_UNDECLARED_SELECTOR = YES;
				GCC_WARN_UNINITIALIZED_AUTOS = YES_AGGRESSIVE;
				GCC_WARN_UNUSED_FUNCTION = YES;
				GCC_WARN_UNUSED_VARIABLE = YES;
				IPHONEOS_DEPLOYMENT_TARGET = 11.3;
				MTL_ENABLE_DEBUG_INFO = YES;
				ONLY_ACTIVE_ARCH = YES;
				SDKROOT = iphoneos;
				SWIFT_ACTIVE_COMPILATION_CONDITIONS = DEBUG;
				SWIFT_OPTIMIZATION_LEVEL = "-Onone";
			};
			name = Debug;
		};
		CB14AA0D207F862D00834626 /* Release */ = {
			isa = XCBuildConfiguration;
			buildSettings = {
				ALWAYS_SEARCH_USER_PATHS = NO;
				CLANG_ANALYZER_NONNULL = YES;
				CLANG_ANALYZER_NUMBER_OBJECT_CONVERSION = YES_AGGRESSIVE;
				CLANG_CXX_LANGUAGE_STANDARD = "gnu++14";
				CLANG_CXX_LIBRARY = "libc++";
				CLANG_ENABLE_MODULES = YES;
				CLANG_ENABLE_OBJC_ARC = YES;
				CLANG_ENABLE_OBJC_WEAK = YES;
				CLANG_WARN_BLOCK_CAPTURE_AUTORELEASING = YES;
				CLANG_WARN_BOOL_CONVERSION = YES;
				CLANG_WARN_COMMA = YES;
				CLANG_WARN_CONSTANT_CONVERSION = YES;
				CLANG_WARN_DEPRECATED_OBJC_IMPLEMENTATIONS = YES;
				CLANG_WARN_DIRECT_OBJC_ISA_USAGE = YES_ERROR;
				CLANG_WARN_DOCUMENTATION_COMMENTS = YES;
				CLANG_WARN_EMPTY_BODY = YES;
				CLANG_WARN_ENUM_CONVERSION = YES;
				CLANG_WARN_INFINITE_RECURSION = YES;
				CLANG_WARN_INT_CONVERSION = YES;
				CLANG_WARN_NON_LITERAL_NULL_CONVERSION = YES;
				CLANG_WARN_OBJC_IMPLICIT_RETAIN_SELF = YES;
				CLANG_WARN_OBJC_LITERAL_CONVERSION = YES;
				CLANG_WARN_OBJC_ROOT_CLASS = YES_ERROR;
				CLANG_WARN_RANGE_LOOP_ANALYSIS = YES;
				CLANG_WARN_STRICT_PROTOTYPES = YES;
				CLANG_WARN_SUSPICIOUS_MOVE = YES;
				CLANG_WARN_UNGUARDED_AVAILABILITY = YES_AGGRESSIVE;
				CLANG_WARN_UNREACHABLE_CODE = YES;
				CLANG_WARN__DUPLICATE_METHOD_MATCH = YES;
				CODE_SIGN_IDENTITY = "iPhone Developer";
				COPY_PHASE_STRIP = NO;
				DEBUG_INFORMATION_FORMAT = "dwarf-with-dsym";
				ENABLE_NS_ASSERTIONS = NO;
				ENABLE_STRICT_OBJC_MSGSEND = YES;
				GCC_C_LANGUAGE_STANDARD = gnu11;
				GCC_NO_COMMON_BLOCKS = YES;
				GCC_WARN_64_TO_32_BIT_CONVERSION = YES;
				GCC_WARN_ABOUT_RETURN_TYPE = YES_ERROR;
				GCC_WARN_UNDECLARED_SELECTOR = YES;
				GCC_WARN_UNINITIALIZED_AUTOS = YES_AGGRESSIVE;
				GCC_WARN_UNUSED_FUNCTION = YES;
				GCC_WARN_UNUSED_VARIABLE = YES;
				IPHONEOS_DEPLOYMENT_TARGET = 11.3;
				MTL_ENABLE_DEBUG_INFO = NO;
				SDKROOT = iphoneos;
				SWIFT_COMPILATION_MODE = wholemodule;
				SWIFT_OPTIMIZATION_LEVEL = "-O";
				VALIDATE_PRODUCT = YES;
			};
			name = Release;
		};
		CB14AA0F207F862D00834626 /* Debug */ = {
			isa = XCBuildConfiguration;
			buildSettings = {
				ASSETCATALOG_COMPILER_APPICON_NAME = AppIcon;
				CODE_SIGN_ENTITLEMENTS = PetanqueScore/PetanqueScore.entitlements;
				CODE_SIGN_IDENTITY = "iPhone Developer";
				CODE_SIGN_STYLE = Automatic;
				DEVELOPMENT_TEAM = E5L7NC8M9T;
				INFOPLIST_FILE = PetanqueScore/Info.plist;
				LD_RUNPATH_SEARCH_PATHS = (
					"$(inherited)",
					"@executable_path/Frameworks",
				);
				PRODUCT_BUNDLE_IDENTIFIER = org.epimac.PetanqueScore;
				PRODUCT_NAME = "$(TARGET_NAME)";
				PROVISIONING_PROFILE_SPECIFIER = "";
				SWIFT_VERSION = 4.0;
				TARGETED_DEVICE_FAMILY = "1,2";
			};
			name = Debug;
		};
		CB14AA10207F862D00834626 /* Release */ = {
			isa = XCBuildConfiguration;
			buildSettings = {
				ASSETCATALOG_COMPILER_APPICON_NAME = AppIcon;
				CODE_SIGN_ENTITLEMENTS = PetanqueScore/PetanqueScore.entitlements;
				CODE_SIGN_IDENTITY = "iPhone Developer";
				CODE_SIGN_STYLE = Automatic;
				DEVELOPMENT_TEAM = E5L7NC8M9T;
				INFOPLIST_FILE = PetanqueScore/Info.plist;
				LD_RUNPATH_SEARCH_PATHS = (
					"$(inherited)",
					"@executable_path/Frameworks",
				);
				PRODUCT_BUNDLE_IDENTIFIER = org.epimac.PetanqueScore;
				PRODUCT_NAME = "$(TARGET_NAME)";
				PROVISIONING_PROFILE_SPECIFIER = "";
				SWIFT_VERSION = 4.0;
				TARGETED_DEVICE_FAMILY = "1,2";
			};
			name = Release;
		};
/* End XCBuildConfiguration section */

/* Begin XCConfigurationList section */
		CB14A9F7207F862B00834626 /* Build configuration list for PBXProject "PetanqueScore" */ = {
			isa = XCConfigurationList;
			buildConfigurations = (
				CB14AA0C207F862D00834626 /* Debug */,
				CB14AA0D207F862D00834626 /* Release */,
			);
			defaultConfigurationIsVisible = 0;
			defaultConfigurationName = Release;
		};
		CB14AA0E207F862D00834626 /* Build configuration list for PBXNativeTarget "PetanqueScore" */ = {
			isa = XCConfigurationList;
			buildConfigurations = (
				CB14AA0F207F862D00834626 /* Debug */,
				CB14AA10207F862D00834626 /* Release */,
			);
			defaultConfigurationIsVisible = 0;
			defaultConfigurationName = Release;
		};
/* End XCConfigurationList section */
	};
	rootObject = CB14A9F4207F862B00834626 /* Project object */;
}
